
Microsoft Visual Studio Solution File, Format Version 12.00
# Visual Studio 15
VisualStudioVersion = 15.0.28307.779
MinimumVisualStudioVersion = 10.0.40219.1
Project("{9A19103F-16F7-4668-BE54-9A1E7A4F7556}") = "Algoserver.API", "src\TwelvedataAPI\Algoserver.API.csproj", "{87A54E1D-36FF-4338-9AF6-C3C1F02E66C4}"
EndProject
Project("{9A19103F-16F7-4668-BE54-9A1E7A4F7556}") = "Twelvedata.Client", "src\Twelvedata.Client\Twelvedata.Client.csproj", "{0C3ED72F-08F0-43B9-B0CA-AB159D99454D}"
EndProject
Global
	GlobalSection(SolutionConfigurationPlatforms) = preSolution
		Debug|Any CPU = Debug|Any CPU
		Release|Any CPU = Release|Any CPU
	EndGlobalSection
	GlobalSection(ProjectConfigurationPlatforms) = postSolution
		{87A54E1D-36FF-4338-9AF6-C3C1F02E66C4}.Debug|Any CPU.ActiveCfg = Debug|Any CPU
		{87A54E1D-36FF-4338-9AF6-C3C1F02E66C4}.Debug|Any CPU.Build.0 = Debug|Any CPU
		{87A54E1D-36FF-4338-9AF6-C3C1F02E66C4}.Release|Any CPU.ActiveCfg = Release|Any CPU
		{87A54E1D-36FF-4338-9AF6-C3C1F02E66C4}.Release|Any CPU.Build.0 = Release|Any CPU
		{0C3ED72F-08F0-43B9-B0CA-AB159D99454D}.Debug|Any CPU.ActiveCfg = Debug|Any CPU
		{0C3ED72F-08F0-43B9-B0CA-AB159D99454D}.Debug|Any CPU.Build.0 = Debug|Any CPU
		{0C3ED72F-08F0-43B9-B0CA-AB159D99454D}.Release|Any CPU.ActiveCfg = Release|Any CPU
		{0C3ED72F-08F0-43B9-B0CA-AB159D99454D}.Release|Any CPU.Build.0 = Release|Any CPU
	EndGlobalSection
	GlobalSection(SolutionProperties) = preSolution
		HideSolutionNode = FALSE
	EndGlobalSection
	GlobalSection(ExtensibilityGlobals) = postSolution
		SolutionGuid = {AA5A2C98-3237-4079-94AE-7CA98E5BEA65}
	EndGlobalSection
EndGlobal
